github.com/ignite-laboratories/core v0.0.5 h1:ono/NYpZrBQhhhJ647HRmtRZrzads6/lisxZ3b8K4V0=
github.com/ignite-laboratories/core v0.0.5/go.mod h1:JsipQU2G6YSBl1kyJY8exBN9yvcfTGYHk+pHIe4NPeQ=
github.com/ignite-laboratories/core v0.1.0 h1:iGTOQqotbwFovkPvz2gV/bsO4zVhFP8z+oiHmjyWyr4=
github.com/ignite-laboratories/core v0.1.0/go.mod h1:PEz/yjlZvAltPVjyvO8+G2vjsWw4ohU4+bmqJIu6L/Q=
github.com/ignite-laboratories/core v0.1.1 h1:Vb1cVBT2LVPSjWj8Pz5v8CM0T5QmucomRpNopCNnsdk=
github.com/ignite-laboratories/core v0.1.1/go.mod h1:PEz/yjlZvAltPVjyvO8+G2vjsWw4ohU4+bmqJIu6L/Q=
github.com/ignite-laboratories/core v0.1.2 h1:J8bvPdmqOZcYePDhqhy11noGZcwdJTmFcaaYSMMIneM=
github.com/ignite-laboratories/core v0.1.2/go.mod h1:PEz/yjlZvAltPVjyvO8+G2vjsWw4ohU4+bmqJIu6L/Q=
github.com/ignite-laboratories/core v0.1.3 h1:oKnZy7Bt51CMYW6sigB8PtbLBTXueU0eEmoXjvxOjPs=
github.com/ignite-laboratories/core v0.1.3/go.mod h1:PEz/yjlZvAltPVjyvO8+G2vjsWw4ohU4+bmqJIu6L/Q=
github.com/ignite-laboratories/core v0.1.4/go.mod h1:PEz/yjlZvAltPVjyvO8+G2vjsWw4ohU4+bmqJIu6L/Q=
github.com/ignite-laboratories/core v0.1.5 h1:WiHN9vUb66BfVhsLc+b0rQ9Ab4c87xPghOzUPodMsOc=
github.com/ignite-laboratories/core v0.1.5/go.mod h1:PEz/yjlZvAltPVjyvO8+G2vjsWw4ohU4+bmqJIu6L/Q=
github.com/ignite-laboratories/core v0.1.6 h1:r1o3hu2YCXtLKlBOv1RYyVwq50Qta+T1/+parIHlWHU=
github.com/ignite-laboratories/core v0.1.6/go.mod h1:PEz/yjlZvAltPVjyvO8+G2vjsWw4ohU4+bmqJIu6L/Q=
github.com/ignite-laboratories/core v0.2.2/go.mod h1:PEz/yjlZvAltPVjyvO8+G2vjsWw4ohU4+bmqJIu6L/Q=
github.com/ignite-laboratories/core v0.2.5/go.mod h1:PEz/yjlZvAltPVjyvO8+G2vjsWw4ohU4+bmqJIu6L/Q=
golang.org/x/exp v0.0.0-20250305212735-054e65f0b394 h1:nDVHiLt8aIbd/VzvPWN6kSOPE7+F/fNFDSXLVYkE/Iw=
golang.org/x/exp v0.0.0-20250305212735-054e65f0b394/go.mod h1:sIifuuw/Yco/y6yb6+bDNfyeQ/MdPUy/hKEMYQV17cM=
