github.com/ignite-laboratories/core v0.0.2 h1:eo0Q4vdO0u97fxljqukFDZ+4JecipBtB6ufAvD+uo28=
github.com/ignite-laboratories/core v0.0.2/go.mod h1:JsipQU2G6YSBl1kyJY8exBN9yvcfTGYHk+pHIe4NPeQ=
github.com/ignite-laboratories/core v0.0.3/go.mod h1:JsipQU2G6YSBl1kyJY8exBN9yvcfTGYHk+pHIe4NPeQ=
github.com/ignite-laboratories/core v0.0.4 h1:msgOFni+7PiS9fOWxWJ/gLuhMF7AqV5mWnrLSJ6dbqo=
github.com/ignite-laboratories/core v0.0.4/go.mod h1:JsipQU2G6YSBl1kyJY8exBN9yvcfTGYHk+pHIe4NPeQ=
github.com/ignite-laboratories/support v0.0.4 h1:y1hnuZMqLpCClBa0yXgnkuNPNfS3wxXexA6cIOFWdtI=
github.com/ignite-laboratories/support v0.0.4/go.mod h1:kqtDTk0je5JcM/01V47Ody0CuxUJjGjttztToyTMY+E=
