github.com/ignite-laboratories/core v0.1.5 h1:WiHN9vUb66BfVhsLc+b0rQ9Ab4c87xPghOzUPodMsOc=
github.com/ignite-laboratories/core v0.1.5/go.mod h1:PEz/yjlZvAltPVjyvO8+G2vjsWw4ohU4+bmqJIu6L/Q=
github.com/ignite-laboratories/core v0.1.6 h1:r1o3hu2YCXtLKlBOv1RYyVwq50Qta+T1/+parIHlWHU=
github.com/ignite-laboratories/core v0.1.6/go.mod h1:PEz/yjlZvAltPVjyvO8+G2vjsWw4ohU4+bmqJIu6L/Q=
github.com/ignite-laboratories/core v0.1.7 h1:7Rs951u4xFMRZRS+vDuX4KXFRi0ddYFo4Qb1Wc02gPM=
github.com/ignite-laboratories/core v0.1.7/go.mod h1:PEz/yjlZvAltPVjyvO8+G2vjsWw4ohU4+bmqJIu6L/Q=
github.com/ignite-laboratories/core v0.1.8 h1:JPqGTVxNbfNKWtWVPA2SG7JpunitfAuqDnxAHf0DLUE=
github.com/ignite-laboratories/core v0.1.8/go.mod h1:PEz/yjlZvAltPVjyvO8+G2vjsWw4ohU4+bmqJIu6L/Q=
github.com/ignite-laboratories/core v0.1.9 h1:vdWbH/mvYaFjMfTemBZIurkQaLNjuixWrzgT6bgbolk=
github.com/ignite-laboratories/core v0.1.9/go.mod h1:PEz/yjlZvAltPVjyvO8+G2vjsWw4ohU4+bmqJIu6L/Q=
github.com/ignite-laboratories/core v0.2.1 h1:DfSVuNwyo5zkLAlEdL3TljMUGGduLYWR31XRqiTe69Y=
github.com/ignite-laboratories/core v0.2.1/go.mod h1:PEz/yjlZvAltPVjyvO8+G2vjsWw4ohU4+bmqJIu6L/Q=
github.com/ignite-laboratories/core v0.2.2/go.mod h1:PEz/yjlZvAltPVjyvO8+G2vjsWw4ohU4+bmqJIu6L/Q=
github.com/ignite-laboratories/host v0.0.1 h1:Bbw4YKZNfLRaBb+eQb+uSTOdypjMcjqY9Qd406i6v70=
github.com/ignite-laboratories/host v0.0.1/go.mod h1:Ii0oqLErBUL1OZwjCQzTysIs9DNH0lmDnqrkfdm/FfI=
golang.org/x/exp v0.0.0-20250305212735-054e65f0b394 h1:nDVHiLt8aIbd/VzvPWN6kSOPE7+F/fNFDSXLVYkE/Iw=
golang.org/x/exp v0.0.0-20250305212735-054e65f0b394/go.mod h1:sIifuuw/Yco/y6yb6+bDNfyeQ/MdPUy/hKEMYQV17cM=
